// !$*UTF8*$!
{
	archiveVersion = 1;
	classes = {
	};
	objectVersion = 55;
	objects = {

/* Begin PBXBuildFile section */
		A241A06329D8992F0076FEB5 /* DataMaager.swift in Sources */ = {isa = PBXBuildFile; fileRef = A241A06229D8992F0076FEB5 /* DataMaager.swift */; };
		A258BF2F29D2ED7C0071468F /* AppDelegate.swift in Sources */ = {isa = PBXBuildFile; fileRef = A258BF2E29D2ED7C0071468F /* AppDelegate.swift */; };
		A258BF3129D2ED7C0071468F /* SceneDelegate.swift in Sources */ = {isa = PBXBuildFile; fileRef = A258BF3029D2ED7C0071468F /* SceneDelegate.swift */; };
		A258BF3629D2ED7C0071468F /* Main.storyboard in Resources */ = {isa = PBXBuildFile; fileRef = A258BF3429D2ED7C0071468F /* Main.storyboard */; };
		A258BF3829D2ED7E0071468F /* Assets.xcassets in Resources */ = {isa = PBXBuildFile; fileRef = A258BF3729D2ED7E0071468F /* Assets.xcassets */; };
		A258BF3B29D2ED7E0071468F /* LaunchScreen.storyboard in Resources */ = {isa = PBXBuildFile; fileRef = A258BF3929D2ED7E0071468F /* LaunchScreen.storyboard */; };
		A258BF4329D2FAE60071468F /* TodoListTableViewController.swift in Sources */ = {isa = PBXBuildFile; fileRef = A258BF4229D2FAE60071468F /* TodoListTableViewController.swift */; };
		A2E476D229D757D00011618B /* Item.swift in Sources */ = {isa = PBXBuildFile; fileRef = A2E476D129D757D00011618B /* Item.swift */; };
/* End PBXBuildFile section */

/* Begin PBXFileReference section */
		A241A06229D8992F0076FEB5 /* DataMaager.swift */ = {isa = PBXFileReference; lastKnownFileType = sourcecode.swift; path = DataMaager.swift; sourceTree = "<group>"; };
		A258BF2B29D2ED7C0071468F /* Todoey.app */ = {isa = PBXFileReference; explicitFileType = wrapper.application; includeInIndex = 0; path = Todoey.app; sourceTree = BUILT_PRODUCTS_DIR; };
		A258BF2E29D2ED7C0071468F /* AppDelegate.swift */ = {isa = PBXFileReference; lastKnownFileType = sourcecode.swift; path = AppDelegate.swift; sourceTree = "<group>"; };
		A258BF3029D2ED7C0071468F /* SceneDelegate.swift */ = {isa = PBXFileReference; lastKnownFileType = sourcecode.swift; path = SceneDelegate.swift; sourceTree = "<group>"; };
		A258BF3529D2ED7C0071468F /* Base */ = {isa = PBXFileReference; lastKnownFileType = file.storyboard; name = Base; path = Base.lproj/Main.storyboard; sourceTree = "<group>"; };
		A258BF3729D2ED7E0071468F /* Assets.xcassets */ = {isa = PBXFileReference; lastKnownFileType = folder.assetcatalog; path = Assets.xcassets; sourceTree = "<group>"; };
		A258BF3A29D2ED7E0071468F /* Base */ = {isa = PBXFileReference; lastKnownFileType = file.storyboard; name = Base; path = Base.lproj/LaunchScreen.storyboard; sourceTree = "<group>"; };
		A258BF3C29D2ED7E0071468F /* Info.plist */ = {isa = PBXFileReference; lastKnownFileType = text.plist.xml; path = Info.plist; sourceTree = "<group>"; };
		A258BF4229D2FAE60071468F /* TodoListTableViewController.swift */ = {isa = PBXFileReference; lastKnownFileType = sourcecode.swift; path = TodoListTableViewController.swift; sourceTree = "<group>"; };
		A2E476D129D757D00011618B /* Item.swift */ = {isa = PBXFileReference; lastKnownFileType = sourcecode.swift; path = Item.swift; sourceTree = "<group>"; };
/* End PBXFileReference section */

/* Begin PBXFrameworksBuildPhase section */
		A258BF2829D2ED7C0071468F /* Frameworks */ = {
			isa = PBXFrameworksBuildPhase;
			buildActionMask = 2147483647;
			files = (
			);
			runOnlyForDeploymentPostprocessing = 0;
		};
/* End PBXFrameworksBuildPhase section */

/* Begin PBXGroup section */
		A258BF2229D2ED7C0071468F = {
			isa = PBXGroup;
			children = (
				A258BF2D29D2ED7C0071468F /* Todoey */,
				A258BF2C29D2ED7C0071468F /* Products */,
			);
			sourceTree = "<group>";
		};
		A258BF2C29D2ED7C0071468F /* Products */ = {
			isa = PBXGroup;
			children = (
				A258BF2B29D2ED7C0071468F /* Todoey.app */,
			);
			name = Products;
			sourceTree = "<group>";
		};
		A258BF2D29D2ED7C0071468F /* Todoey */ = {
			isa = PBXGroup;
			children = (
				A258BF4429D2FB100071468F /* App */,
				A258BF4729D2FB380071468F /* Models */,
				A258BF4529D2FB1D0071468F /* Views */,
				A258BF4629D2FB2C0071468F /* Controllers */,
				A258BF4829D2FB4A0071468F /* Resources */,
			);
			path = Todoey;
			sourceTree = "<group>";
		};
		A258BF4429D2FB100071468F /* App */ = {
			isa = PBXGroup;
			children = (
				A258BF2E29D2ED7C0071468F /* AppDelegate.swift */,
				A258BF3029D2ED7C0071468F /* SceneDelegate.swift */,
			);
			path = App;
			sourceTree = "<group>";
		};
		A258BF4529D2FB1D0071468F /* Views */ = {
			isa = PBXGroup;
			children = (
				A258BF3429D2ED7C0071468F /* Main.storyboard */,
				A258BF3929D2ED7E0071468F /* LaunchScreen.storyboard */,
			);
			path = Views;
			sourceTree = "<group>";
		};
		A258BF4629D2FB2C0071468F /* Controllers */ = {
			isa = PBXGroup;
			children = (
				A258BF4229D2FAE60071468F /* TodoListTableViewController.swift */,
			);
			path = Controllers;
			sourceTree = "<group>";
		};
		A258BF4729D2FB380071468F /* Models */ = {
			isa = PBXGroup;
			children = (
				A2E476D129D757D00011618B /* Item.swift */,
				A241A06229D8992F0076FEB5 /* DataMaager.swift */,
			);
			path = Models;
			sourceTree = "<group>";
		};
		A258BF4829D2FB4A0071468F /* Resources */ = {
			isa = PBXGroup;
			children = (
				A258BF3729D2ED7E0071468F /* Assets.xcassets */,
				A258BF3C29D2ED7E0071468F /* Info.plist */,
			);
			path = Resources;
			sourceTree = "<group>";
		};
/* End PBXGroup section */

/* Begin PBXNativeTarget section */
		A258BF2A29D2ED7C0071468F /* Todoey */ = {
			isa = PBXNativeTarget;
			buildConfigurationList = A258BF3F29D2ED7E0071468F /* Build configuration list for PBXNativeTarget "Todoey" */;
			buildPhases = (
				A258BF2729D2ED7C0071468F /* Sources */,
				A258BF2829D2ED7C0071468F /* Frameworks */,
				A258BF2929D2ED7C0071468F /* Resources */,
			);
			buildRules = (
			);
			dependencies = (
			);
			name = Todoey;
			productName = Todoey;
			productReference = A258BF2B29D2ED7C0071468F /* Todoey.app */;
			productType = "com.apple.product-type.application";
		};
/* End PBXNativeTarget section */

/* Begin PBXProject section */
		A258BF2329D2ED7C0071468F /* Project object */ = {
			isa = PBXProject;
			attributes = {
				BuildIndependentTargetsInParallel = 1;
				LastSwiftUpdateCheck = 1320;
				LastUpgradeCheck = 1320;
				TargetAttributes = {
					A258BF2A29D2ED7C0071468F = {
						CreatedOnToolsVersion = 13.2.1;
					};
				};
			};
			buildConfigurationList = A258BF2629D2ED7C0071468F /* Build configuration list for PBXProject "Todoey" */;
			compatibilityVersion = "Xcode 13.0";
			developmentRegion = en;
			hasScannedForEncodings = 0;
			knownRegions = (
				en,
				Base,
			);
			mainGroup = A258BF2229D2ED7C0071468F;
			productRefGroup = A258BF2C29D2ED7C0071468F /* Products */;
			projectDirPath = "";
			projectRoot = "";
			targets = (
				A258BF2A29D2ED7C0071468F /* Todoey */,
			);
		};
/* End PBXProject section */

/* Begin PBXResourcesBuildPhase section */
		A258BF2929D2ED7C0071468F /* Resources */ = {
			isa = PBXResourcesBuildPhase;
			buildActionMask = 2147483647;
			files = (
				A258BF3B29D2ED7E0071468F /* LaunchScreen.storyboard in Resources */,
				A258BF3829D2ED7E0071468F /* Assets.xcassets in Resources */,
				A258BF3629D2ED7C0071468F /* Main.storyboard in Resources */,
			);
			runOnlyForDeploymentPostprocessing = 0;
		};
/* End PBXResourcesBuildPhase section */

/* Begin PBXSourcesBuildPhase section */
		A258BF2729D2ED7C0071468F /* Sources */ = {
			isa = PBXSourcesBuildPhase;
			buildActionMask = 2147483647;
			files = (
				A241A06329D8992F0076FEB5 /* DataMaager.swift in Sources */,
				A2E476D229D757D00011618B /* Item.swift in Sources */,
				A258BF2F29D2ED7C0071468F /* AppDelegate.swift in Sources */,
				A258BF3129D2ED7C0071468F /* SceneDelegate.swift in Sources */,
				A258BF4329D2FAE60071468F /* TodoListTableViewController.swift in Sources */,
			);
			runOnlyForDeploymentPostprocessing = 0;
		};
/* End PBXSourcesBuildPhase section */

/* Begin PBXVariantGroup section */
		A258BF3429D2ED7C0071468F /* Main.storyboard */ = {
			isa = PBXVariantGroup;
			children = (
				A258BF3529D2ED7C0071468F /* Base */,
			);
			name = Main.storyboard;
			sourceTree = "<group>";
		};
		A258BF3929D2ED7E0071468F /* LaunchScreen.storyboard */ = {
			isa = PBXVariantGroup;
			children = (
				A258BF3A29D2ED7E0071468F /* Base */,
			);
			name = LaunchScreen.storyboard;
			sourceTree = "<group>";
		};
/* End PBXVariantGroup section */

/* Begin XCBuildConfiguration section */
		A258BF3D29D2ED7E0071468F /* Debug */ = {
			isa = XCBuildConfiguration;
			buildSettings = {
				ALWAYS_SEARCH_USER_PATHS = NO;
				CLANG_ANALYZER_NONNULL = YES;
				CLANG_ANALYZER_NUMBER_OBJECT_CONVERSION = YES_AGGRESSIVE;
				CLANG_CXX_LANGUAGE_STANDARD = "gnu++17";
				CLANG_CXX_LIBRARY = "libc++";
				CLANG_ENABLE_MODULES = YES;
				CLANG_ENABLE_OBJC_ARC = YES;
				CLANG_ENABLE_OBJC_WEAK = YES;
				CLANG_WARN_BLOCK_CAPTURE_AUTORELEASING = YES;
				CLANG_WARN_BOOL_CONVERSION = YES;
				CLANG_WARN_COMMA = YES;
				CLANG_WARN_CONSTANT_CONVERSION = YES;
				CLANG_WARN_DEPRECATED_OBJC_IMPLEMENTATIONS = YES;
				CLANG_WARN_DIRECT_OBJC_ISA_USAGE = YES_ERROR;
				CLANG_WARN_DOCUMENTATION_COMMENTS = YES;
				CLANG_WARN_EMPTY_BODY = YES;
				CLANG_WARN_ENUM_CONVERSION = YES;
				CLANG_WARN_INFINITE_RECURSION = YES;
				CLANG_WARN_INT_CONVERSION = YES;
				CLANG_WARN_NON_LITERAL_NULL_CONVERSION = YES;
				CLANG_WARN_OBJC_IMPLICIT_RETAIN_SELF = YES;
				CLANG_WARN_OBJC_LITERAL_CONVERSION = YES;
				CLANG_WARN_OBJC_ROOT_CLASS = YES_ERROR;
				CLANG_WARN_QUOTED_INCLUDE_IN_FRAMEWORK_HEADER = YES;
				CLANG_WARN_RANGE_LOOP_ANALYSIS = YES;
				CLANG_WARN_STRICT_PROTOTYPES = YES;
				CLANG_WARN_SUSPICIOUS_MOVE = YES;
				CLANG_WARN_UNGUARDED_AVAILABILITY = YES_AGGRESSIVE;
				CLANG_WARN_UNREACHABLE_CODE = YES;
				CLANG_WARN__DUPLICATE_METHOD_MATCH = YES;
				COPY_PHASE_STRIP = NO;
				DEBUG_INFORMATION_FORMAT = dwarf;
				ENABLE_STRICT_OBJC_MSGSEND = YES;
				ENABLE_TESTABILITY = YES;
				GCC_C_LANGUAGE_STANDARD = gnu11;
				GCC_DYNAMIC_NO_PIC = NO;
				GCC_NO_COMMON_BLOCKS = YES;
				GCC_OPTIMIZATION_LEVEL = 0;
				GCC_PREPROCESSOR_DEFINITIONS = (
					"DEBUG=1",
					"$(inherited)",
				);
				GCC_WARN_64_TO_32_BIT_CONVERSION = YES;
				GCC_WARN_ABOUT_RETURN_TYPE = YES_ERROR;
				GCC_WARN_UNDECLARED_SELECTOR = YES;
				GCC_WARN_UNINITIALIZED_AUTOS = YES_AGGRESSIVE;
				GCC_WARN_UNUSED_FUNCTION = YES;
				GCC_WARN_UNUSED_VARIABLE = YES;
				IPHONEOS_DEPLOYMENT_TARGET = 15.2;
				MTL_ENABLE_DEBUG_INFO = INCLUDE_SOURCE;
				MTL_FAST_MATH = YES;
				ONLY_ACTIVE_ARCH = YES;
				SDKROOT = iphoneos;
				SWIFT_ACTIVE_COMPILATION_CONDITIONS = DEBUG;
				SWIFT_OPTIMIZATION_LEVEL = "-Onone";
			};
			name = Debug;
		};
		A258BF3E29D2ED7E0071468F /* Release */ = {
			isa = XCBuildConfiguration;
			buildSettings = {
				ALWAYS_SEARCH_USER_PATHS = NO;
				CLANG_ANALYZER_NONNULL = YES;
				CLANG_ANALYZER_NUMBER_OBJECT_CONVERSION = YES_AGGRESSIVE;
				CLANG_CXX_LANGUAGE_STANDARD = "gnu++17";
				CLANG_CXX_LIBRARY = "libc++";
				CLANG_ENABLE_MODULES = YES;
				CLANG_ENABLE_OBJC_ARC = YES;
				CLANG_ENABLE_OBJC_WEAK = YES;
				CLANG_WARN_BLOCK_CAPTURE_AUTORELEASING = YES;
				CLANG_WARN_BOOL_CONVERSION = YES;
				CLANG_WARN_COMMA = YES;
				CLANG_WARN_CONSTANT_CONVERSION = YES;
				CLANG_WARN_DEPRECATED_OBJC_IMPLEMENTATIONS = YES;
				CLANG_WARN_DIRECT_OBJC_ISA_USAGE = YES_ERROR;
				CLANG_WARN_DOCUMENTATION_COMMENTS = YES;
				CLANG_WARN_EMPTY_BODY = YES;
				CLANG_WARN_ENUM_CONVERSION = YES;
				CLANG_WARN_INFINITE_RECURSION = YES;
				CLANG_WARN_INT_CONVERSION = YES;
				CLANG_WARN_NON_LITERAL_NULL_CONVERSION = YES;
				CLANG_WARN_OBJC_IMPLICIT_RETAIN_SELF = YES;
				CLANG_WARN_OBJC_LITERAL_CONVERSION = YES;
				CLANG_WARN_OBJC_ROOT_CLASS = YES_ERROR;
				CLANG_WARN_QUOTED_INCLUDE_IN_FRAMEWORK_HEADER = YES;
				CLANG_WARN_RANGE_LOOP_ANALYSIS = YES;
				CLANG_WARN_STRICT_PROTOTYPES = YES;
				CLANG_WARN_SUSPICIOUS_MOVE = YES;
				CLANG_WARN_UNGUARDED_AVAILABILITY = YES_AGGRESSIVE;
				CLANG_WARN_UNREACHABLE_CODE = YES;
				CLANG_WARN__DUPLICATE_METHOD_MATCH = YES;
				COPY_PHASE_STRIP = NO;
				DEBUG_INFORMATION_FORMAT = "dwarf-with-dsym";
				ENABLE_NS_ASSERTIONS = NO;
				ENABLE_STRICT_OBJC_MSGSEND = YES;
				GCC_C_LANGUAGE_STANDARD = gnu11;
				GCC_NO_COMMON_BLOCKS = YES;
				GCC_WARN_64_TO_32_BIT_CONVERSION = YES;
				GCC_WARN_ABOUT_RETURN_TYPE = YES_ERROR;
				GCC_WARN_UNDECLARED_SELECTOR = YES;
				GCC_WARN_UNINITIALIZED_AUTOS = YES_AGGRESSIVE;
				GCC_WARN_UNUSED_FUNCTION = YES;
				GCC_WARN_UNUSED_VARIABLE = YES;
				IPHONEOS_DEPLOYMENT_TARGET = 15.2;
				MTL_ENABLE_DEBUG_INFO = NO;
				MTL_FAST_MATH = YES;
				SDKROOT = iphoneos;
				SWIFT_COMPILATION_MODE = wholemodule;
				SWIFT_OPTIMIZATION_LEVEL = "-O";
				VALIDATE_PRODUCT = YES;
			};
			name = Release;
		};
		A258BF4029D2ED7E0071468F /* Debug */ = {
			isa = XCBuildConfiguration;
			buildSettings = {
				ASSETCATALOG_COMPILER_APPICON_NAME = AppIcon;
				ASSETCATALOG_COMPILER_GLOBAL_ACCENT_COLOR_NAME = AccentColor;
				CODE_SIGN_STYLE = Automatic;
				CURRENT_PROJECT_VERSION = 1;
				DEVELOPMENT_TEAM = A32VY273J6;
				GENERATE_INFOPLIST_FILE = YES;
				INFOPLIST_FILE = Todoey/Resources/Info.plist;
				INFOPLIST_KEY_UIApplicationSupportsIndirectInputEvents = YES;
				INFOPLIST_KEY_UILaunchStoryboardName = LaunchScreen;
				INFOPLIST_KEY_UIMainStoryboardFile = Main;
				INFOPLIST_KEY_UISupportedInterfaceOrientations = "UIInterfaceOrientationPortrait UIInterfaceOrientationPortraitUpsideDown";
				INFOPLIST_KEY_UISupportedInterfaceOrientations_iPad = "UIInterfaceOrientationPortrait UIInterfaceOrientationPortraitUpsideDown UIInterfaceOrientationLandscapeLeft UIInterfaceOrientationLandscapeRight";
				INFOPLIST_KEY_UISupportedInterfaceOrientations_iPhone = "UIInterfaceOrientationPortrait UIInterfaceOrientationLandscapeLeft UIInterfaceOrientationLandscapeRight";
				IPHONEOS_DEPLOYMENT_TARGET = 15.2;
				LD_RUNPATH_SEARCH_PATHS = (
					"$(inherited)",
					"@executable_path/Frameworks",
				);
				MARKETING_VERSION = 1.0;
				PRODUCT_BUNDLE_IDENTIFIER = com.markraitman.Todoey;
				PRODUCT_NAME = "$(TARGET_NAME)";
				SWIFT_EMIT_LOC_STRINGS = YES;
				SWIFT_VERSION = 5.0;
				TARGETED_DEVICE_FAMILY = 1;
			};
			name = Debug;
		};
		A258BF4129D2ED7E0071468F /* Release */ = {
			isa = XCBuildConfiguration;
			buildSettings = {
				ASSETCATALOG_COMPILER_APPICON_NAME = AppIcon;
				ASSETCATALOG_COMPILER_GLOBAL_ACCENT_COLOR_NAME = AccentColor;
				CODE_SIGN_STYLE = Automatic;
				CURRENT_PROJECT_VERSION = 1;
				DEVELOPMENT_TEAM = A32VY273J6;
				GENERATE_INFOPLIST_FILE = YES;
				INFOPLIST_FILE = Todoey/Resources/Info.plist;
				INFOPLIST_KEY_UIApplicationSupportsIndirectInputEvents = YES;
				INFOPLIST_KEY_UILaunchStoryboardName = LaunchScreen;
				INFOPLIST_KEY_UIMainStoryboardFile = Main;
				INFOPLIST_KEY_UISupportedInterfaceOrientations = "UIInterfaceOrientationPortrait UIInterfaceOrientationPortraitUpsideDown";
				INFOPLIST_KEY_UISupportedInterfaceOrientations_iPad = "UIInterfaceOrientationPortrait UIInterfaceOrientationPortraitUpsideDown UIInterfaceOrientationLandscapeLeft UIInterfaceOrientationLandscapeRight";
				INFOPLIST_KEY_UISupportedInterfaceOrientations_iPhone = "UIInterfaceOrientationPortrait UIInterfaceOrientationLandscapeLeft UIInterfaceOrientationLandscapeRight";
				IPHONEOS_DEPLOYMENT_TARGET = 15.2;
				LD_RUNPATH_SEARCH_PATHS = (
					"$(inherited)",
					"@executable_path/Frameworks",
				);
				MARKETING_VERSION = 1.0;
				PRODUCT_BUNDLE_IDENTIFIER = com.markraitman.Todoey;
				PRODUCT_NAME = "$(TARGET_NAME)";
				SWIFT_EMIT_LOC_STRINGS = YES;
				SWIFT_VERSION = 5.0;
				TARGETED_DEVICE_FAMILY = 1;
			};
			name = Release;
		};
/* End XCBuildConfiguration section */

/* Begin XCConfigurationList section */
		A258BF2629D2ED7C0071468F /* Build configuration list for PBXProject "Todoey" */ = {
			isa = XCConfigurationList;
			buildConfigurations = (
				A258BF3D29D2ED7E0071468F /* Debug */,
				A258BF3E29D2ED7E0071468F /* Release */,
			);
			defaultConfigurationIsVisible = 0;
			defaultConfigurationName = Release;
		};
		A258BF3F29D2ED7E0071468F /* Build configuration list for PBXNativeTarget "Todoey" */ = {
			isa = XCConfigurationList;
			buildConfigurations = (
				A258BF4029D2ED7E0071468F /* Debug */,
				A258BF4129D2ED7E0071468F /* Release */,
			);
			defaultConfigurationIsVisible = 0;
			defaultConfigurationName = Release;
		};
/* End XCConfigurationList section */
	};
	rootObject = A258BF2329D2ED7C0071468F /* Project object */;
}
